{
  "name": "miniprogram",
  "version": "1.0.0",
  "lockfileVersion": 1,
  "requires": true,
  "dependencies": {
    "paddlejs": {
      "version": "1.0.17",
      "resolved": "https://registry.npmjs.org/paddlejs/-/paddlejs-1.0.17.tgz",
      "integrity": "sha512-2wPzqjZYRDUdad+FIWPaP8J+G7GmxorrJsbFZ7jjvNctmfcAitcHHOCVPT2MGu3Y1EHA+wmczdcE8JxC98eswA=="
    },
    "weui-miniprogram": {
      "version": "1.1.1",
      "resolved": "https://repo.huaweicloud.com/repository/npm/weui-miniprogram/-/weui-miniprogram-1.1.1.tgz",
      "integrity": "sha512-C8UZTR4C90M/mpcR+NQc+c9prWz9ZuWvTgMtfkL6iNzM6Y20NIcepqRimTcmq+scDeVzptDMdk1iwvv5gVbanQ=="
    }
  }
}
